// !$*UTF8*$!
{
	archiveVersion = 1;
	classes = {
	};
	objectVersion = 50;
	objects = {

/* Begin PBXBuildFile section */
		6ECE716AACF89650FD8C52EB /* Pods_RxSwiftMVVMDemo.framework in Frameworks */ = {isa = PBXBuildFile; fileRef = B4B5D64D2D6D475BC63FE45E /* Pods_RxSwiftMVVMDemo.framework */; };
		B00589B121CF6D7F00D1F42F /* AppDelegate.swift in Sources */ = {isa = PBXBuildFile; fileRef = B00589B021CF6D7F00D1F42F /* AppDelegate.swift */; };
		B00589B321CF6D7F00D1F42F /* ViewController.swift in Sources */ = {isa = PBXBuildFile; fileRef = B00589B221CF6D7F00D1F42F /* ViewController.swift */; };
		B00589B821CF6D8000D1F42F /* Assets.xcassets in Resources */ = {isa = PBXBuildFile; fileRef = B00589B721CF6D8000D1F42F /* Assets.xcassets */; };
		B00589BB21CF6D8000D1F42F /* LaunchScreen.storyboard in Resources */ = {isa = PBXBuildFile; fileRef = B00589B921CF6D8000D1F42F /* LaunchScreen.storyboard */; };
		B00589C521CF6DE800D1F42F /* content.json in Resources */ = {isa = PBXBuildFile; fileRef = B00589C321CF6DE800D1F42F /* content.json */; };
		B00589C621CF6DE800D1F42F /* APIService.swift in Sources */ = {isa = PBXBuildFile; fileRef = B00589C421CF6DE800D1F42F /* APIService.swift */; };
		B00589C921CF6DF500D1F42F /* photo.swift in Sources */ = {isa = PBXBuildFile; fileRef = B00589C821CF6DF500D1F42F /* photo.swift */; };
		B00589D021CF6DFD00D1F42F /* PhotoListViewModel.swift in Sources */ = {isa = PBXBuildFile; fileRef = B00589CC21CF6DFD00D1F42F /* PhotoListViewModel.swift */; };
		B00589D121CF6DFD00D1F42F /* PhotoListViewController.swift in Sources */ = {isa = PBXBuildFile; fileRef = B00589CD21CF6DFD00D1F42F /* PhotoListViewController.swift */; };
		B00589D221CF6DFD00D1F42F /* PhotoDetailViewController.swift in Sources */ = {isa = PBXBuildFile; fileRef = B00589CF21CF6DFD00D1F42F /* PhotoDetailViewController.swift */; };
		B00589D421CF6E1500D1F42F /* Main.storyboard in Resources */ = {isa = PBXBuildFile; fileRef = B00589D321CF6E1500D1F42F /* Main.storyboard */; };
/* End PBXBuildFile section */

/* Begin PBXFileReference section */
		4CFF3BE898ABF99BD8206B47 /* Pods-RxSwiftMVVMDemo.release.xcconfig */ = {isa = PBXFileReference; includeInIndex = 1; lastKnownFileType = text.xcconfig; name = "Pods-RxSwiftMVVMDemo.release.xcconfig"; path = "Pods/Target Support Files/Pods-RxSwiftMVVMDemo/Pods-RxSwiftMVVMDemo.release.xcconfig"; sourceTree = "<group>"; };
		725D210E9FBFF0FC9CB3A5EE /* Pods-RxSwiftMVVMDemo.debug.xcconfig */ = {isa = PBXFileReference; includeInIndex = 1; lastKnownFileType = text.xcconfig; name = "Pods-RxSwiftMVVMDemo.debug.xcconfig"; path = "Pods/Target Support Files/Pods-RxSwiftMVVMDemo/Pods-RxSwiftMVVMDemo.debug.xcconfig"; sourceTree = "<group>"; };
		B00589AD21CF6D7F00D1F42F /* RxSwiftMVVMDemo.app */ = {isa = PBXFileReference; explicitFileType = wrapper.application; includeInIndex = 0; path = RxSwiftMVVMDemo.app; sourceTree = BUILT_PRODUCTS_DIR; };
		B00589B021CF6D7F00D1F42F /* AppDelegate.swift */ = {isa = PBXFileReference; lastKnownFileType = sourcecode.swift; path = AppDelegate.swift; sourceTree = "<group>"; };
		B00589B221CF6D7F00D1F42F /* ViewController.swift */ = {isa = PBXFileReference; lastKnownFileType = sourcecode.swift; path = ViewController.swift; sourceTree = "<group>"; };
		B00589B721CF6D8000D1F42F /* Assets.xcassets */ = {isa = PBXFileReference; lastKnownFileType = folder.assetcatalog; path = Assets.xcassets; sourceTree = "<group>"; };
		B00589BA21CF6D8000D1F42F /* Base */ = {isa = PBXFileReference; lastKnownFileType = file.storyboard; name = Base; path = Base.lproj/LaunchScreen.storyboard; sourceTree = "<group>"; };
		B00589BC21CF6D8000D1F42F /* Info.plist */ = {isa = PBXFileReference; lastKnownFileType = text.plist.xml; path = Info.plist; sourceTree = "<group>"; };
		B00589C321CF6DE800D1F42F /* content.json */ = {isa = PBXFileReference; fileEncoding = 4; lastKnownFileType = text.json; path = content.json; sourceTree = "<group>"; };
		B00589C421CF6DE800D1F42F /* APIService.swift */ = {isa = PBXFileReference; fileEncoding = 4; lastKnownFileType = sourcecode.swift; path = APIService.swift; sourceTree = "<group>"; };
		B00589C821CF6DF500D1F42F /* photo.swift */ = {isa = PBXFileReference; fileEncoding = 4; lastKnownFileType = sourcecode.swift; path = photo.swift; sourceTree = "<group>"; };
		B00589CC21CF6DFD00D1F42F /* PhotoListViewModel.swift */ = {isa = PBXFileReference; fileEncoding = 4; lastKnownFileType = sourcecode.swift; path = PhotoListViewModel.swift; sourceTree = "<group>"; };
		B00589CD21CF6DFD00D1F42F /* PhotoListViewController.swift */ = {isa = PBXFileReference; fileEncoding = 4; lastKnownFileType = sourcecode.swift; path = PhotoListViewController.swift; sourceTree = "<group>"; };
		B00589CF21CF6DFD00D1F42F /* PhotoDetailViewController.swift */ = {isa = PBXFileReference; fileEncoding = 4; lastKnownFileType = sourcecode.swift; path = PhotoDetailViewController.swift; sourceTree = "<group>"; };
		B00589D321CF6E1500D1F42F /* Main.storyboard */ = {isa = PBXFileReference; fileEncoding = 4; lastKnownFileType = file.storyboard; path = Main.storyboard; sourceTree = "<group>"; };
		B4B5D64D2D6D475BC63FE45E /* Pods_RxSwiftMVVMDemo.framework */ = {isa = PBXFileReference; explicitFileType = wrapper.framework; includeInIndex = 0; path = Pods_RxSwiftMVVMDemo.framework; sourceTree = BUILT_PRODUCTS_DIR; };
/* End PBXFileReference section */

/* Begin PBXFrameworksBuildPhase section */
		B00589AA21CF6D7F00D1F42F /* Frameworks */ = {
			isa = PBXFrameworksBuildPhase;
			buildActionMask = 2147483647;
			files = (
				6ECE716AACF89650FD8C52EB /* Pods_RxSwiftMVVMDemo.framework in Frameworks */,
			);
			runOnlyForDeploymentPostprocessing = 0;
		};
/* End PBXFrameworksBuildPhase section */

/* Begin PBXGroup section */
		5241B9A9D1FC4D526652F563 /* Frameworks */ = {
			isa = PBXGroup;
			children = (
				B4B5D64D2D6D475BC63FE45E /* Pods_RxSwiftMVVMDemo.framework */,
			);
			name = Frameworks;
			sourceTree = "<group>";
		};
		B00589A421CF6D7F00D1F42F = {
			isa = PBXGroup;
			children = (
				B00589AF21CF6D7F00D1F42F /* RxSwiftMVVMDemo */,
				B00589AE21CF6D7F00D1F42F /* Products */,
				B78A67A27D17EB13929E5108 /* Pods */,
				5241B9A9D1FC4D526652F563 /* Frameworks */,
			);
			sourceTree = "<group>";
		};
		B00589AE21CF6D7F00D1F42F /* Products */ = {
			isa = PBXGroup;
			children = (
				B00589AD21CF6D7F00D1F42F /* RxSwiftMVVMDemo.app */,
			);
			name = Products;
			sourceTree = "<group>";
		};
		B00589AF21CF6D7F00D1F42F /* RxSwiftMVVMDemo */ = {
			isa = PBXGroup;
			children = (
				B00589D321CF6E1500D1F42F /* Main.storyboard */,
				B00589C221CF6DE800D1F42F /* Service */,
				B00589C721CF6DF500D1F42F /* Model */,
				B00589CA21CF6DFD00D1F42F /* Module */,
				B00589B021CF6D7F00D1F42F /* AppDelegate.swift */,
				B00589B221CF6D7F00D1F42F /* ViewController.swift */,
				B00589B721CF6D8000D1F42F /* Assets.xcassets */,
				B00589B921CF6D8000D1F42F /* LaunchScreen.storyboard */,
				B00589BC21CF6D8000D1F42F /* Info.plist */,
			);
			path = RxSwiftMVVMDemo;
			sourceTree = "<group>";
		};
		B00589C221CF6DE800D1F42F /* Service */ = {
			isa = PBXGroup;
			children = (
				B00589C321CF6DE800D1F42F /* content.json */,
				B00589C421CF6DE800D1F42F /* APIService.swift */,
			);
			path = Service;
			sourceTree = "<group>";
		};
		B00589C721CF6DF500D1F42F /* Model */ = {
			isa = PBXGroup;
			children = (
				B00589C821CF6DF500D1F42F /* photo.swift */,
			);
			path = Model;
			sourceTree = "<group>";
		};
		B00589CA21CF6DFD00D1F42F /* Module */ = {
			isa = PBXGroup;
			children = (
				B00589CB21CF6DFD00D1F42F /* PhotoList */,
				B00589CE21CF6DFD00D1F42F /* PhotoDetail */,
			);
			path = Module;
			sourceTree = "<group>";
		};
		B00589CB21CF6DFD00D1F42F /* PhotoList */ = {
			isa = PBXGroup;
			children = (
				B00589CC21CF6DFD00D1F42F /* PhotoListViewModel.swift */,
				B00589CD21CF6DFD00D1F42F /* PhotoListViewController.swift */,
			);
			path = PhotoList;
			sourceTree = "<group>";
		};
		B00589CE21CF6DFD00D1F42F /* PhotoDetail */ = {
			isa = PBXGroup;
			children = (
				B00589CF21CF6DFD00D1F42F /* PhotoDetailViewController.swift */,
			);
			path = PhotoDetail;
			sourceTree = "<group>";
		};
		B78A67A27D17EB13929E5108 /* Pods */ = {
			isa = PBXGroup;
			children = (
				725D210E9FBFF0FC9CB3A5EE /* Pods-RxSwiftMVVMDemo.debug.xcconfig */,
				4CFF3BE898ABF99BD8206B47 /* Pods-RxSwiftMVVMDemo.release.xcconfig */,
			);
			name = Pods;
			sourceTree = "<group>";
		};
/* End PBXGroup section */

/* Begin PBXNativeTarget section */
		B00589AC21CF6D7F00D1F42F /* RxSwiftMVVMDemo */ = {
			isa = PBXNativeTarget;
			buildConfigurationList = B00589BF21CF6D8000D1F42F /* Build configuration list for PBXNativeTarget "RxSwiftMVVMDemo" */;
			buildPhases = (
				6504819472CA9E981599AAB0 /* [CP] Check Pods Manifest.lock */,
				B00589A921CF6D7F00D1F42F /* Sources */,
				B00589AA21CF6D7F00D1F42F /* Frameworks */,
				B00589AB21CF6D7F00D1F42F /* Resources */,
				D1B3882191D4B143CC1D9D07 /* [CP] Embed Pods Frameworks */,
			);
			buildRules = (
			);
			dependencies = (
			);
			name = RxSwiftMVVMDemo;
			productName = RxSwiftMVVMDemo;
			productReference = B00589AD21CF6D7F00D1F42F /* RxSwiftMVVMDemo.app */;
			productType = "com.apple.product-type.application";
		};
/* End PBXNativeTarget section */

/* Begin PBXProject section */
		B00589A521CF6D7F00D1F42F /* Project object */ = {
			isa = PBXProject;
			attributes = {
				LastSwiftUpdateCheck = 1010;
				LastUpgradeCheck = 1010;
				ORGANIZATIONNAME = "William Kuo";
				TargetAttributes = {
					B00589AC21CF6D7F00D1F42F = {
						CreatedOnToolsVersion = 10.1;
					};
				};
			};
			buildConfigurationList = B00589A821CF6D7F00D1F42F /* Build configuration list for PBXProject "RxSwiftMVVMDemo" */;
			compatibilityVersion = "Xcode 9.3";
			developmentRegion = en;
			hasScannedForEncodings = 0;
			knownRegions = (
				en,
				Base,
			);
			mainGroup = B00589A421CF6D7F00D1F42F;
			productRefGroup = B00589AE21CF6D7F00D1F42F /* Products */;
			projectDirPath = "";
			projectRoot = "";
			targets = (
				B00589AC21CF6D7F00D1F42F /* RxSwiftMVVMDemo */,
			);
		};
/* End PBXProject section */

/* Begin PBXResourcesBuildPhase section */
		B00589AB21CF6D7F00D1F42F /* Resources */ = {
			isa = PBXResourcesBuildPhase;
			buildActionMask = 2147483647;
			files = (
				B00589BB21CF6D8000D1F42F /* LaunchScreen.storyboard in Resources */,
				B00589B821CF6D8000D1F42F /* Assets.xcassets in Resources */,
				B00589C521CF6DE800D1F42F /* content.json in Resources */,
				B00589D421CF6E1500D1F42F /* Main.storyboard in Resources */,
			);
			runOnlyForDeploymentPostprocessing = 0;
		};
/* End PBXResourcesBuildPhase section */

/* Begin PBXShellScriptBuildPhase section */
		6504819472CA9E981599AAB0 /* [CP] Check Pods Manifest.lock */ = {
			isa = PBXShellScriptBuildPhase;
			buildActionMask = 2147483647;
			files = (
			);
			inputPaths = (
				"${PODS_PODFILE_DIR_PATH}/Podfile.lock",
				"${PODS_ROOT}/Manifest.lock",
			);
			name = "[CP] Check Pods Manifest.lock";
			outputPaths = (
				"$(DERIVED_FILE_DIR)/Pods-RxSwiftMVVMDemo-checkManifestLockResult.txt",
			);
			runOnlyForDeploymentPostprocessing = 0;
			shellPath = /bin/sh;
			shellScript = "diff \"${PODS_PODFILE_DIR_PATH}/Podfile.lock\" \"${PODS_ROOT}/Manifest.lock\" > /dev/null\nif [ $? != 0 ] ; then\n    # print error to STDERR\n    echo \"error: The sandbox is not in sync with the Podfile.lock. Run 'pod install' or update your CocoaPods installation.\" >&2\n    exit 1\nfi\n# This output is used by Xcode 'outputs' to avoid re-running this script phase.\necho \"SUCCESS\" > \"${SCRIPT_OUTPUT_FILE_0}\"\n";
			showEnvVarsInLog = 0;
		};
		D1B3882191D4B143CC1D9D07 /* [CP] Embed Pods Frameworks */ = {
			isa = PBXShellScriptBuildPhase;
			buildActionMask = 2147483647;
			files = (
			);
			inputPaths = (
				"${SRCROOT}/Pods/Target Support Files/Pods-RxSwiftMVVMDemo/Pods-RxSwiftMVVMDemo-frameworks.sh",
				"${BUILT_PRODUCTS_DIR}/SDWebImage/SDWebImage.framework",
			);
			name = "[CP] Embed Pods Frameworks";
			outputPaths = (
				"${TARGET_BUILD_DIR}/${FRAMEWORKS_FOLDER_PATH}/SDWebImage.framework",
			);
			runOnlyForDeploymentPostprocessing = 0;
			shellPath = /bin/sh;
			shellScript = "\"${SRCROOT}/Pods/Target Support Files/Pods-RxSwiftMVVMDemo/Pods-RxSwiftMVVMDemo-frameworks.sh\"\n";
			showEnvVarsInLog = 0;
		};
/* End PBXShellScriptBuildPhase section */

/* Begin PBXSourcesBuildPhase section */
		B00589A921CF6D7F00D1F42F /* Sources */ = {
			isa = PBXSourcesBuildPhase;
			buildActionMask = 2147483647;
			files = (
				B00589C921CF6DF500D1F42F /* photo.swift in Sources */,
				B00589B321CF6D7F00D1F42F /* ViewController.swift in Sources */,
				B00589C621CF6DE800D1F42F /* APIService.swift in Sources */,
				B00589D221CF6DFD00D1F42F /* PhotoDetailViewController.swift in Sources */,
				B00589D021CF6DFD00D1F42F /* PhotoListViewModel.swift in Sources */,
				B00589B121CF6D7F00D1F42F /* AppDelegate.swift in Sources */,
				B00589D121CF6DFD00D1F42F /* PhotoListViewController.swift in Sources */,
			);
			runOnlyForDeploymentPostprocessing = 0;
		};
/* End PBXSourcesBuildPhase section */

/* Begin PBXVariantGroup section */
		B00589B921CF6D8000D1F42F /* LaunchScreen.storyboard */ = {
			isa = PBXVariantGroup;
			children = (
				B00589BA21CF6D8000D1F42F /* Base */,
			);
			name = LaunchScreen.storyboard;
			sourceTree = "<group>";
		};
/* End PBXVariantGroup section */

/* Begin XCBuildConfiguration section */
		B00589BD21CF6D8000D1F42F /* Debug */ = {
			isa = XCBuildConfiguration;
			buildSettings = {
				ALWAYS_SEARCH_USER_PATHS = NO;
				CLANG_ANALYZER_NONNULL = YES;
				CLANG_ANALYZER_NUMBER_OBJECT_CONVERSION = YES_AGGRESSIVE;
				CLANG_CXX_LANGUAGE_STANDARD = "gnu++14";
				CLANG_CXX_LIBRARY = "libc++";
				CLANG_ENABLE_MODULES = YES;
				CLANG_ENABLE_OBJC_ARC = YES;
				CLANG_ENABLE_OBJC_WEAK = YES;
				CLANG_WARN_BLOCK_CAPTURE_AUTORELEASING = YES;
				CLANG_WARN_BOOL_CONVERSION = YES;
				CLANG_WARN_COMMA = YES;
				CLANG_WARN_CONSTANT_CONVERSION = YES;
				CLANG_WARN_DEPRECATED_OBJC_IMPLEMENTATIONS = YES;
				CLANG_WARN_DIRECT_OBJC_ISA_USAGE = YES_ERROR;
				CLANG_WARN_DOCUMENTATION_COMMENTS = YES;
				CLANG_WARN_EMPTY_BODY = YES;
				CLANG_WARN_ENUM_CONVERSION = YES;
				CLANG_WARN_INFINITE_RECURSION = YES;
				CLANG_WARN_INT_CONVERSION = YES;
				CLANG_WARN_NON_LITERAL_NULL_CONVERSION = YES;
				CLANG_WARN_OBJC_IMPLICIT_RETAIN_SELF = YES;
				CLANG_WARN_OBJC_LITERAL_CONVERSION = YES;
				CLANG_WARN_OBJC_ROOT_CLASS = YES_ERROR;
				CLANG_WARN_RANGE_LOOP_ANALYSIS = YES;
				CLANG_WARN_STRICT_PROTOTYPES = YES;
				CLANG_WARN_SUSPICIOUS_MOVE = YES;
				CLANG_WARN_UNGUARDED_AVAILABILITY = YES_AGGRESSIVE;
				CLANG_WARN_UNREACHABLE_CODE = YES;
				CLANG_WARN__DUPLICATE_METHOD_MATCH = YES;
				CODE_SIGN_IDENTITY = "iPhone Developer";
				COPY_PHASE_STRIP = NO;
				DEBUG_INFORMATION_FORMAT = dwarf;
				ENABLE_STRICT_OBJC_MSGSEND = YES;
				ENABLE_TESTABILITY = YES;
				GCC_C_LANGUAGE_STANDARD = gnu11;
				GCC_DYNAMIC_NO_PIC = NO;
				GCC_NO_COMMON_BLOCKS = YES;
				GCC_OPTIMIZATION_LEVEL = 0;
				GCC_PREPROCESSOR_DEFINITIONS = (
					"DEBUG=1",
					"$(inherited)",
				);
				GCC_WARN_64_TO_32_BIT_CONVERSION = YES;
				GCC_WARN_ABOUT_RETURN_TYPE = YES_ERROR;
				GCC_WARN_UNDECLARED_SELECTOR = YES;
				GCC_WARN_UNINITIALIZED_AUTOS = YES_AGGRESSIVE;
				GCC_WARN_UNUSED_FUNCTION = YES;
				GCC_WARN_UNUSED_VARIABLE = YES;
				IPHONEOS_DEPLOYMENT_TARGET = 12.1;
				MTL_ENABLE_DEBUG_INFO = INCLUDE_SOURCE;
				MTL_FAST_MATH = YES;
				ONLY_ACTIVE_ARCH = YES;
				SDKROOT = iphoneos;
				SWIFT_ACTIVE_COMPILATION_CONDITIONS = DEBUG;
				SWIFT_OPTIMIZATION_LEVEL = "-Onone";
			};
			name = Debug;
		};
		B00589BE21CF6D8000D1F42F /* Release */ = {
			isa = XCBuildConfiguration;
			buildSettings = {
				ALWAYS_SEARCH_USER_PATHS = NO;
				CLANG_ANALYZER_NONNULL = YES;
				CLANG_ANALYZER_NUMBER_OBJECT_CONVERSION = YES_AGGRESSIVE;
				CLANG_CXX_LANGUAGE_STANDARD = "gnu++14";
				CLANG_CXX_LIBRARY = "libc++";
				CLANG_ENABLE_MODULES = YES;
				CLANG_ENABLE_OBJC_ARC = YES;
				CLANG_ENABLE_OBJC_WEAK = YES;
				CLANG_WARN_BLOCK_CAPTURE_AUTORELEASING = YES;
				CLANG_WARN_BOOL_CONVERSION = YES;
				CLANG_WARN_COMMA = YES;
				CLANG_WARN_CONSTANT_CONVERSION = YES;
				CLANG_WARN_DEPRECATED_OBJC_IMPLEMENTATIONS = YES;
				CLANG_WARN_DIRECT_OBJC_ISA_USAGE = YES_ERROR;
				CLANG_WARN_DOCUMENTATION_COMMENTS = YES;
				CLANG_WARN_EMPTY_BODY = YES;
				CLANG_WARN_ENUM_CONVERSION = YES;
				CLANG_WARN_INFINITE_RECURSION = YES;
				CLANG_WARN_INT_CONVERSION = YES;
				CLANG_WARN_NON_LITERAL_NULL_CONVERSION = YES;
				CLANG_WARN_OBJC_IMPLICIT_RETAIN_SELF = YES;
				CLANG_WARN_OBJC_LITERAL_CONVERSION = YES;
				CLANG_WARN_OBJC_ROOT_CLASS = YES_ERROR;
				CLANG_WARN_RANGE_LOOP_ANALYSIS = YES;
				CLANG_WARN_STRICT_PROTOTYPES = YES;
				CLANG_WARN_SUSPICIOUS_MOVE = YES;
				CLANG_WARN_UNGUARDED_AVAILABILITY = YES_AGGRESSIVE;
				CLANG_WARN_UNREACHABLE_CODE = YES;
				CLANG_WARN__DUPLICATE_METHOD_MATCH = YES;
				CODE_SIGN_IDENTITY = "iPhone Developer";
				COPY_PHASE_STRIP = NO;
				DEBUG_INFORMATION_FORMAT = "dwarf-with-dsym";
				ENABLE_NS_ASSERTIONS = NO;
				ENABLE_STRICT_OBJC_MSGSEND = YES;
				GCC_C_LANGUAGE_STANDARD = gnu11;
				GCC_NO_COMMON_BLOCKS = YES;
				GCC_WARN_64_TO_32_BIT_CONVERSION = YES;
				GCC_WARN_ABOUT_RETURN_TYPE = YES_ERROR;
				GCC_WARN_UNDECLARED_SELECTOR = YES;
				GCC_WARN_UNINITIALIZED_AUTOS = YES_AGGRESSIVE;
				GCC_WARN_UNUSED_FUNCTION = YES;
				GCC_WARN_UNUSED_VARIABLE = YES;
				IPHONEOS_DEPLOYMENT_TARGET = 12.1;
				MTL_ENABLE_DEBUG_INFO = NO;
				MTL_FAST_MATH = YES;
				SDKROOT = iphoneos;
				SWIFT_COMPILATION_MODE = wholemodule;
				SWIFT_OPTIMIZATION_LEVEL = "-O";
				VALIDATE_PRODUCT = YES;
			};
			name = Release;
		};
		B00589C021CF6D8000D1F42F /* Debug */ = {
			isa = XCBuildConfiguration;
			baseConfigurationReference = 725D210E9FBFF0FC9CB3A5EE /* Pods-RxSwiftMVVMDemo.debug.xcconfig */;
			buildSettings = {
				ASSETCATALOG_COMPILER_APPICON_NAME = AppIcon;
				CODE_SIGN_STYLE = Automatic;
				DEVELOPMENT_TEAM = 49X9D2W8KH;
				INFOPLIST_FILE = RxSwiftMVVMDemo/Info.plist;
				LD_RUNPATH_SEARCH_PATHS = (
					"$(inherited)",
					"@executable_path/Frameworks",
				);
				PRODUCT_BUNDLE_IDENTIFIER = com.wk.RxSwiftMVVMDemo;
				PRODUCT_NAME = "$(TARGET_NAME)";
				SWIFT_VERSION = 4.2;
				TARGETED_DEVICE_FAMILY = "1,2";
			};
			name = Debug;
		};
		B00589C121CF6D8000D1F42F /* Release */ = {
			isa = XCBuildConfiguration;
			baseConfigurationReference = 4CFF3BE898ABF99BD8206B47 /* Pods-RxSwiftMVVMDemo.release.xcconfig */;
			buildSettings = {
				ASSETCATALOG_COMPILER_APPICON_NAME = AppIcon;
				CODE_SIGN_STYLE = Automatic;
				DEVELOPMENT_TEAM = 49X9D2W8KH;
				INFOPLIST_FILE = RxSwiftMVVMDemo/Info.plist;
				LD_RUNPATH_SEARCH_PATHS = (
					"$(inherited)",
					"@executable_path/Frameworks",
				);
				PRODUCT_BUNDLE_IDENTIFIER = com.wk.RxSwiftMVVMDemo;
				PRODUCT_NAME = "$(TARGET_NAME)";
				SWIFT_VERSION = 4.2;
				TARGETED_DEVICE_FAMILY = "1,2";
			};
			name = Release;
		};
/* End XCBuildConfiguration section */

/* Begin XCConfigurationList section */
		B00589A821CF6D7F00D1F42F /* Build configuration list for PBXProject "RxSwiftMVVMDemo" */ = {
			isa = XCConfigurationList;
			buildConfigurations = (
				B00589BD21CF6D8000D1F42F /* Debug */,
				B00589BE21CF6D8000D1F42F /* Release */,
			);
			defaultConfigurationIsVisible = 0;
			defaultConfigurationName = Release;
		};
		B00589BF21CF6D8000D1F42F /* Build configuration list for PBXNativeTarget "RxSwiftMVVMDemo" */ = {
			isa = XCConfigurationList;
			buildConfigurations = (
				B00589C021CF6D8000D1F42F /* Debug */,
				B00589C121CF6D8000D1F42F /* Release */,
			);
			defaultConfigurationIsVisible = 0;
			defaultConfigurationName = Release;
		};
/* End XCConfigurationList section */
	};
	rootObject = B00589A521CF6D7F00D1F42F /* Project object */;
}
